// !$*UTF8*$!
{
	archiveVersion = 1;
	classes = {
	};
	objectVersion = 77;
	objects = {

/* Begin PBXBuildFile section */
		4E5235112F72B0EA0089F71E /* StoreKit.framework in Frameworks */ = {isa = PBXBuildFile; fileRef = 4E5235102F72B0E90089F71E /* StoreKit.framework */; };
		AA0002012F8F000000000001 /* Character.swift in Sources */ = {isa = PBXBuildFile; fileRef = AA0002022F8F000000000002 /* Character.swift */; };
		4EBD3CC62F71354F00F4A127 /* Constants.swift in Sources */ = {isa = PBXBuildFile; fileRef = 4EBD3CB72F71354F00F4A127 /* Constants.swift */; };
		4EBD3CC72F71354F00F4A127 /* KeychainHelper.swift in Sources */ = {isa = PBXBuildFile; fileRef = 4EBD3CB82F71354F00F4A127 /* KeychainHelper.swift */; };
		4EBD3CC82F71354F00F4A127 /* DashboardView.swift in Sources */ = {isa = PBXBuildFile; fileRef = 4EBD3CC12F71354F00F4A127 /* DashboardView.swift */; };
		4EBD3CC92F71354F00F4A127 /* ContentView.swift in Sources */ = {isa = PBXBuildFile; fileRef = 4EBD3CA42F71354F00F4A127 /* ContentView.swift */; };
		4EBD3CCA2F71354F00F4A127 /* RegisterView.swift in Sources */ = {isa = PBXBuildFile; fileRef = 4EBD3CBB2F71354F00F4A127 /* RegisterView.swift */; };
		4EBD3CCB2F71354F00F4A127 /* Credits.swift in Sources */ = {isa = PBXBuildFile; fileRef = 4EBD3CAE2F71354F00F4A127 /* Credits.swift */; };
		4EBD3CCD2F71354F00F4A127 /* LoginView.swift in Sources */ = {isa = PBXBuildFile; fileRef = 4EBD3CBA2F71354F00F4A127 /* LoginView.swift */; };
		4EBD3CCE2F71354F00F4A127 /* Chat.swift in Sources */ = {isa = PBXBuildFile; fileRef = 4EBD3CAD2F71354F00F4A127 /* Chat.swift */; };
		4EBD3CCF2F71354F00F4A127 /* ChatView.swift in Sources */ = {isa = PBXBuildFile; fileRef = 4EBD3CBD2F71354F00F4A127 /* ChatView.swift */; };
		4EBD3CD12F71354F00F4A127 /* ClawzyApp.swift in Sources */ = {isa = PBXBuildFile; fileRef = 4EBD3CA32F71354F00F4A127 /* ClawzyApp.swift */; };
		4EBD3CD22F71354F00F4A127 /* Agent.swift in Sources */ = {isa = PBXBuildFile; fileRef = 4EBD3CAC2F71354F00F4A127 /* Agent.swift */; };
		4EBD3CD32F71354F00F4A127 /* User.swift in Sources */ = {isa = PBXBuildFile; fileRef = 4EBD3CAF2F71354F00F4A127 /* User.swift */; };
		4EBD3CD42F71354F00F4A127 /* ChatService.swift in Sources */ = {isa = PBXBuildFile; fileRef = 4EBD3CB42F71354F00F4A127 /* ChatService.swift */; };
		4EBD3CD52F71354F00F4A127 /* SettingsView.swift in Sources */ = {isa = PBXBuildFile; fileRef = 4EBD3CC32F71354F00F4A127 /* SettingsView.swift */; };
		4EBD3CD62F71354F00F4A127 /* AuthManager.swift in Sources */ = {isa = PBXBuildFile; fileRef = 4EBD3CB32F71354F00F4A127 /* AuthManager.swift */; };
		4EBD3CD72F71354F00F4A127 /* BrandConfig.swift in Sources */ = {isa = PBXBuildFile; fileRef = 4EBD3CB62F71354F00F4A127 /* BrandConfig.swift */; };
		4EBD3CD82F71354F00F4A127 /* CreateAgentView.swift in Sources */ = {isa = PBXBuildFile; fileRef = 4EBD3CC02F71354F00F4A127 /* CreateAgentView.swift */; };
		4EBD3CD92F71354F00F4A127 /* APIClient.swift in Sources */ = {isa = PBXBuildFile; fileRef = 4EBD3CB22F71354F00F4A127 /* APIClient.swift */; };
		4EBD3CDA2F71354F00F4A127 /* AgentService.swift in Sources */ = {isa = PBXBuildFile; fileRef = 4EBD3CB12F71354F00F4A127 /* AgentService.swift */; };
		4EBD3CDB2F71354F00F4A127 /* MainTabView.swift in Sources */ = {isa = PBXBuildFile; fileRef = 4EBD3CA52F71354F00F4A127 /* MainTabView.swift */; };
		4EBD3CDD2F7163EC00F4A127 /* SplashView.swift in Sources */ = {isa = PBXBuildFile; fileRef = 4EBD3CDC2F7163EC00F4A127 /* SplashView.swift */; };
		4EBD3CE12F717B5500F4A127 /* MarketView.swift in Sources */ = {isa = PBXBuildFile; fileRef = 4EBD3CDF2F717B5500F4A127 /* MarketView.swift */; };
		4EBD3CE32F71900000F4A127 /* LanguageManager.swift in Sources */ = {isa = PBXBuildFile; fileRef = 4EBD3CE22F71900000F4A127 /* LanguageManager.swift */; };
		7566003396D948279B9EB8FE /* CreditsShopView.swift in Sources */ = {isa = PBXBuildFile; fileRef = 473B7B847EA942E3BFB54EB1 /* CreditsShopView.swift */; };
		B1C2D3E4F5A6071823B1C2D3 /* ClawHubService.swift in Sources */ = {isa = PBXBuildFile; fileRef = A0B1C2D3E4F5067812A0B1C2 /* ClawHubService.swift */; };
		BB0001012F7F000000000001 /* AgentDetailView.swift in Sources */ = {isa = PBXBuildFile; fileRef = AA0001012F7F000000000001 /* AgentDetailView.swift */; };
		BB0001022F7F000000000002 /* MemoryListView.swift in Sources */ = {isa = PBXBuildFile; fileRef = AA0001022F7F000000000002 /* MemoryListView.swift */; };
		BB0001032F7F000000000003 /* ToolsView.swift in Sources */ = {isa = PBXBuildFile; fileRef = AA0001032F7F000000000003 /* ToolsView.swift */; };
		BB0001042F7F000000000004 /* TasksView.swift in Sources */ = {isa = PBXBuildFile; fileRef = AA0001042F7F000000000004 /* TasksView.swift */; };
		BB0001052F7F000000000005 /* ChannelsView.swift in Sources */ = {isa = PBXBuildFile; fileRef = AA0001052F7F000000000005 /* ChannelsView.swift */; };
		BB0001062F7F000000000006 /* AgentDetail.swift in Sources */ = {isa = PBXBuildFile; fileRef = AA0001062F7F000000000006 /* AgentDetail.swift */; };
		BB0001072F7F000000000007 /* AgentDetailService.swift in Sources */ = {isa = PBXBuildFile; fileRef = AA0001072F7F000000000007 /* AgentDetailService.swift */; };
		CC0001012F8F000000000001 /* ConnectorsView.swift in Sources */ = {isa = PBXBuildFile; fileRef = AA0008012F8F000000000001 /* ConnectorsView.swift */; };
		C1D2E3F4A5B6078923C1D2E3 /* HealthMonitor.swift in Sources */ = {isa = PBXBuildFile; fileRef = D2E3F4A5B6C7089034D2E3F4 /* HealthMonitor.swift */; };
		E3F4A5B6C7D8090145E3F4A5 /* InstalledPluginsView.swift in Sources */ = {isa = PBXBuildFile; fileRef = F4A5B6C7D8E9001256F4A5B6 /* InstalledPluginsView.swift */; };
		F5A6B7C8D9E0005278F5A6B7 /* PluginsStore.swift in Sources */ = {isa = PBXBuildFile; fileRef = E4F5A6B7C8D9004167E4F5A6 /* PluginsStore.swift */; };
		F9647251A9384F689642D72E /* StoreKitManager.swift in Sources */ = {isa = PBXBuildFile; fileRef = D7A5F83B7D1B484D89BAE249 /* StoreKitManager.swift */; };
		DD0001042F8F000000000004 /* CronTasksView.swift in Sources */ = {isa = PBXBuildFile; fileRef = CC0001022F8F000000000001 /* CronTasksView.swift */; };
		EE0001022FA0000000000002 /* Pipeline.swift in Sources */ = {isa = PBXBuildFile; fileRef = EE0001012FA0000000000001 /* Pipeline.swift */; };
		EE0001042FA0000000000004 /* PipelineService.swift in Sources */ = {isa = PBXBuildFile; fileRef = EE0001032FA0000000000003 /* PipelineService.swift */; };
		EE0001062FA0000000000006 /* Schedule.swift in Sources */ = {isa = PBXBuildFile; fileRef = EE0001052FA0000000000005 /* Schedule.swift */; };
		EE0001082FA0000000000008 /* AgentFile.swift in Sources */ = {isa = PBXBuildFile; fileRef = EE0001072FA0000000000007 /* AgentFile.swift */; };
		EE00010A2FA000000000000A /* HarnessView.swift in Sources */ = {isa = PBXBuildFile; fileRef = EE0001092FA0000000000009 /* HarnessView.swift */; };
		EE00010C2FA000000000000C /* PipelineDetailView.swift in Sources */ = {isa = PBXBuildFile; fileRef = EE00010B2FA000000000000B /* PipelineDetailView.swift */; };
		EE00010E2FA000000000000E /* ScheduleView.swift in Sources */ = {isa = PBXBuildFile; fileRef = EE00010D2FA000000000000D /* ScheduleView.swift */; };
		EE0001102FA0000000000010 /* FilesView.swift in Sources */ = {isa = PBXBuildFile; fileRef = EE00010F2FA000000000000F /* FilesView.swift */; };
/* End PBXBuildFile section */

/* Begin PBXFileReference section */
		473B7B847EA942E3BFB54EB1 /* CreditsShopView.swift */ = {isa = PBXFileReference; lastKnownFileType = sourcecode.swift; path = CreditsShopView.swift; sourceTree = "<group>"; };
		4E3C33572F5EE10E00EC6244 /* clawzy.app */ = {isa = PBXFileReference; explicitFileType = wrapper.application; includeInIndex = 0; name = clawzy.app; path = NipponClaw.app; sourceTree = BUILT_PRODUCTS_DIR; };
		4E5235102F72B0E90089F71E /* StoreKit.framework */ = {isa = PBXFileReference; lastKnownFileType = wrapper.framework; name = StoreKit.framework; path = System/Library/Frameworks/StoreKit.framework; sourceTree = SDKROOT; };
		4EBD3CA32F71354F00F4A127 /* ClawzyApp.swift */ = {isa = PBXFileReference; lastKnownFileType = sourcecode.swift; path = ClawzyApp.swift; sourceTree = "<group>"; };
		4EBD3CA42F71354F00F4A127 /* ContentView.swift */ = {isa = PBXFileReference; lastKnownFileType = sourcecode.swift; path = ContentView.swift; sourceTree = "<group>"; };
		4EBD3CA52F71354F00F4A127 /* MainTabView.swift */ = {isa = PBXFileReference; lastKnownFileType = sourcecode.swift; path = MainTabView.swift; sourceTree = "<group>"; };
		AA0002022F8F000000000002 /* Character.swift */ = {isa = PBXFileReference; lastKnownFileType = sourcecode.swift; path = Character.swift; sourceTree = "<group>"; };
		4EBD3CAC2F71354F00F4A127 /* Agent.swift */ = {isa = PBXFileReference; lastKnownFileType = sourcecode.swift; path = Agent.swift; sourceTree = "<group>"; };
		4EBD3CAD2F71354F00F4A127 /* Chat.swift */ = {isa = PBXFileReference; lastKnownFileType = sourcecode.swift; path = Chat.swift; sourceTree = "<group>"; };
		4EBD3CAE2F71354F00F4A127 /* Credits.swift */ = {isa = PBXFileReference; lastKnownFileType = sourcecode.swift; path = Credits.swift; sourceTree = "<group>"; };
		4EBD3CAF2F71354F00F4A127 /* User.swift */ = {isa = PBXFileReference; lastKnownFileType = sourcecode.swift; path = User.swift; sourceTree = "<group>"; };
		4EBD3CB12F71354F00F4A127 /* AgentService.swift */ = {isa = PBXFileReference; lastKnownFileType = sourcecode.swift; path = AgentService.swift; sourceTree = "<group>"; };
		4EBD3CB22F71354F00F4A127 /* APIClient.swift */ = {isa = PBXFileReference; lastKnownFileType = sourcecode.swift; path = APIClient.swift; sourceTree = "<group>"; };
		4EBD3CB32F71354F00F4A127 /* AuthManager.swift */ = {isa = PBXFileReference; lastKnownFileType = sourcecode.swift; path = AuthManager.swift; sourceTree = "<group>"; };
		4EBD3CB42F71354F00F4A127 /* ChatService.swift */ = {isa = PBXFileReference; lastKnownFileType = sourcecode.swift; path = ChatService.swift; sourceTree = "<group>"; };
		4EBD3CB62F71354F00F4A127 /* BrandConfig.swift */ = {isa = PBXFileReference; lastKnownFileType = sourcecode.swift; path = BrandConfig.swift; sourceTree = "<group>"; };
		4EBD3CB72F71354F00F4A127 /* Constants.swift */ = {isa = PBXFileReference; lastKnownFileType = sourcecode.swift; path = Constants.swift; sourceTree = "<group>"; };
		4EBD3CB82F71354F00F4A127 /* KeychainHelper.swift */ = {isa = PBXFileReference; lastKnownFileType = sourcecode.swift; path = KeychainHelper.swift; sourceTree = "<group>"; };
		4EBD3CBA2F71354F00F4A127 /* LoginView.swift */ = {isa = PBXFileReference; lastKnownFileType = sourcecode.swift; path = LoginView.swift; sourceTree = "<group>"; };
		4EBD3CBB2F71354F00F4A127 /* RegisterView.swift */ = {isa = PBXFileReference; lastKnownFileType = sourcecode.swift; path = RegisterView.swift; sourceTree = "<group>"; };
		4EBD3CBD2F71354F00F4A127 /* ChatView.swift */ = {isa = PBXFileReference; lastKnownFileType = sourcecode.swift; path = ChatView.swift; sourceTree = "<group>"; };
		4EBD3CC02F71354F00F4A127 /* CreateAgentView.swift */ = {isa = PBXFileReference; lastKnownFileType = sourcecode.swift; path = CreateAgentView.swift; sourceTree = "<group>"; };
		4EBD3CC12F71354F00F4A127 /* DashboardView.swift */ = {isa = PBXFileReference; lastKnownFileType = sourcecode.swift; path = DashboardView.swift; sourceTree = "<group>"; };
		4EBD3CC32F71354F00F4A127 /* SettingsView.swift */ = {isa = PBXFileReference; lastKnownFileType = sourcecode.swift; path = SettingsView.swift; sourceTree = "<group>"; };
		4EBD3CDC2F7163EC00F4A127 /* SplashView.swift */ = {isa = PBXFileReference; lastKnownFileType = sourcecode.swift; path = SplashView.swift; sourceTree = "<group>"; };
		4EBD3CDF2F717B5500F4A127 /* MarketView.swift */ = {isa = PBXFileReference; lastKnownFileType = sourcecode.swift; path = MarketView.swift; sourceTree = "<group>"; };
		4EBD3CE22F71900000F4A127 /* LanguageManager.swift */ = {isa = PBXFileReference; lastKnownFileType = sourcecode.swift; path = LanguageManager.swift; sourceTree = "<group>"; };
		A0B1C2D3E4F5067812A0B1C2 /* ClawHubService.swift */ = {isa = PBXFileReference; lastKnownFileType = sourcecode.swift; path = ClawHubService.swift; sourceTree = "<group>"; };
		AA0001012F7F000000000001 /* AgentDetailView.swift */ = {isa = PBXFileReference; lastKnownFileType = sourcecode.swift; path = AgentDetailView.swift; sourceTree = "<group>"; };
		AA0001022F7F000000000002 /* MemoryListView.swift */ = {isa = PBXFileReference; lastKnownFileType = sourcecode.swift; path = MemoryListView.swift; sourceTree = "<group>"; };
		AA0001032F7F000000000003 /* ToolsView.swift */ = {isa = PBXFileReference; lastKnownFileType = sourcecode.swift; path = ToolsView.swift; sourceTree = "<group>"; };
		AA0001042F7F000000000004 /* TasksView.swift */ = {isa = PBXFileReference; lastKnownFileType = sourcecode.swift; path = TasksView.swift; sourceTree = "<group>"; };
		AA0001052F7F000000000005 /* ChannelsView.swift */ = {isa = PBXFileReference; lastKnownFileType = sourcecode.swift; path = ChannelsView.swift; sourceTree = "<group>"; };
		AA0001062F7F000000000006 /* AgentDetail.swift */ = {isa = PBXFileReference; lastKnownFileType = sourcecode.swift; path = AgentDetail.swift; sourceTree = "<group>"; };
		AA0001072F7F000000000007 /* AgentDetailService.swift */ = {isa = PBXFileReference; lastKnownFileType = sourcecode.swift; path = AgentDetailService.swift; sourceTree = "<group>"; };
		AA0008012F8F000000000001 /* ConnectorsView.swift */ = {isa = PBXFileReference; lastKnownFileType = sourcecode.swift; path = ConnectorsView.swift; sourceTree = "<group>"; };
		CC0001022F8F000000000001 /* CronTasksView.swift */ = {isa = PBXFileReference; lastKnownFileType = sourcecode.swift; path = CronTasksView.swift; sourceTree = "<group>"; };
		D2E3F4A5B6C7089034D2E3F4 /* HealthMonitor.swift */ = {isa = PBXFileReference; lastKnownFileType = sourcecode.swift; path = HealthMonitor.swift; sourceTree = "<group>"; };
		D7A5F83B7D1B484D89BAE249 /* StoreKitManager.swift */ = {isa = PBXFileReference; lastKnownFileType = sourcecode.swift; path = StoreKitManager.swift; sourceTree = "<group>"; };
		E4F5A6B7C8D9004167E4F5A6 /* PluginsStore.swift */ = {isa = PBXFileReference; lastKnownFileType = sourcecode.swift; path = PluginsStore.swift; sourceTree = "<group>"; };
		F1A2B3C4D5E6F70812345678 /* clawzy.entitlements */ = {isa = PBXFileReference; lastKnownFileType = text.plist.entitlements; path = clawzy.entitlements; sourceTree = "<group>"; };
		F4A5B6C7D8E9001256F4A5B6 /* InstalledPluginsView.swift */ = {isa = PBXFileReference; lastKnownFileType = sourcecode.swift; path = InstalledPluginsView.swift; sourceTree = "<group>"; };
		EE0001012FA0000000000001 /* Pipeline.swift */ = {isa = PBXFileReference; lastKnownFileType = sourcecode.swift; path = Pipeline.swift; sourceTree = "<group>"; };
		EE0001032FA0000000000003 /* PipelineService.swift */ = {isa = PBXFileReference; lastKnownFileType = sourcecode.swift; path = PipelineService.swift; sourceTree = "<group>"; };
		EE0001052FA0000000000005 /* Schedule.swift */ = {isa = PBXFileReference; lastKnownFileType = sourcecode.swift; path = Schedule.swift; sourceTree = "<group>"; };
		EE0001072FA0000000000007 /* AgentFile.swift */ = {isa = PBXFileReference; lastKnownFileType = sourcecode.swift; path = AgentFile.swift; sourceTree = "<group>"; };
		EE0001092FA0000000000009 /* HarnessView.swift */ = {isa = PBXFileReference; lastKnownFileType = sourcecode.swift; path = HarnessView.swift; sourceTree = "<group>"; };
		EE00010B2FA000000000000B /* PipelineDetailView.swift */ = {isa = PBXFileReference; lastKnownFileType = sourcecode.swift; path = PipelineDetailView.swift; sourceTree = "<group>"; };
		EE00010D2FA000000000000D /* ScheduleView.swift */ = {isa = PBXFileReference; lastKnownFileType = sourcecode.swift; path = ScheduleView.swift; sourceTree = "<group>"; };
		EE00010F2FA000000000000F /* FilesView.swift */ = {isa = PBXFileReference; lastKnownFileType = sourcecode.swift; path = FilesView.swift; sourceTree = "<group>"; };
/* End PBXFileReference section */

/* Begin PBXFileSystemSynchronizedRootGroup section */
		4E3C33592F5EE10E00EC6244 /* clawzy */ = {
			isa = PBXFileSystemSynchronizedRootGroup;
			path = clawzy;
			sourceTree = "<group>";
		};
/* End PBXFileSystemSynchronizedRootGroup section */

/* Begin PBXFrameworksBuildPhase section */
		4E3C33542F5EE10E00EC6244 /* Frameworks */ = {
			isa = PBXFrameworksBuildPhase;
			buildActionMask = 2147483647;
			files = (
				4E5235112F72B0EA0089F71E /* StoreKit.framework in Frameworks */,
			);
			runOnlyForDeploymentPostprocessing = 0;
		};
/* End PBXFrameworksBuildPhase section */

/* Begin PBXGroup section */
		4E3C334E2F5EE10E00EC6244 = {
			isa = PBXGroup;
			children = (
				4EBD3CA62F71354F00F4A127 /* App */,
				4EBD3CAB2F71354F00F4A127 /* Brands */,
				4EBD3CB02F71354F00F4A127 /* Models */,
				4EBD3CB52F71354F00F4A127 /* Services */,
				4EBD3CB92F71354F00F4A127 /* Utilities */,
				4EBD3CC52F71354F00F4A127 /* Views */,
				4E3C33592F5EE10E00EC6244 /* clawzy */,
				4E52350F2F72B0E90089F71E /* Frameworks */,
				4E3C33582F5EE10E00EC6244 /* Products */,
			);
			sourceTree = "<group>";
		};
		4E3C33582F5EE10E00EC6244 /* Products */ = {
			isa = PBXGroup;
			children = (
				4E3C33572F5EE10E00EC6244 /* clawzy.app */,
			);
			name = Products;
			sourceTree = "<group>";
		};
		4E52350F2F72B0E90089F71E /* Frameworks */ = {
			isa = PBXGroup;
			children = (
				4E5235102F72B0E90089F71E /* StoreKit.framework */,
			);
			name = Frameworks;
			sourceTree = "<group>";
		};
		4EBD3CA62F71354F00F4A127 /* App */ = {
			isa = PBXGroup;
			children = (
				4EBD3CA52F71354F00F4A127 /* MainTabView.swift */,
				4EBD3CA32F71354F00F4A127 /* ClawzyApp.swift */,
				4EBD3CA42F71354F00F4A127 /* ContentView.swift */,
				4EBD3CDC2F7163EC00F4A127 /* SplashView.swift */,
				F1A2B3C4D5E6F70812345678 /* clawzy.entitlements */,
			);
			path = App;
			sourceTree = "<group>";
		};
		4EBD3CA82F71354F00F4A127 /* KoreaClaw */ = {
			isa = PBXGroup;
			children = (
			);
			path = KoreaClaw;
			sourceTree = "<group>";
		};
		4EBD3CAA2F71354F00F4A127 /* NipponClaw */ = {
			isa = PBXGroup;
			children = (
			);
			path = NipponClaw;
			sourceTree = "<group>";
		};
		4EBD3CAB2F71354F00F4A127 /* Brands */ = {
			isa = PBXGroup;
			children = (
				4EBD3CA82F71354F00F4A127 /* KoreaClaw */,
				4EBD3CAA2F71354F00F4A127 /* NipponClaw */,
			);
			path = Brands;
			sourceTree = "<group>";
		};
		4EBD3CB02F71354F00F4A127 /* Models */ = {
			isa = PBXGroup;
			children = (
				AA0001062F7F000000000006 /* AgentDetail.swift */,
				4EBD3CAC2F71354F00F4A127 /* Agent.swift */,
				4EBD3CAD2F71354F00F4A127 /* Chat.swift */,
				4EBD3CAE2F71354F00F4A127 /* Credits.swift */,
				4EBD3CAF2F71354F00F4A127 /* User.swift */,
				AA0002022F8F000000000002 /* Character.swift */,
				EE0001012FA0000000000001 /* Pipeline.swift */,
				EE0001052FA0000000000005 /* Schedule.swift */,
				EE0001072FA0000000000007 /* AgentFile.swift */,
			);
			path = Models;
			sourceTree = "<group>";
		};
		4EBD3CB52F71354F00F4A127 /* Services */ = {
			isa = PBXGroup;
			children = (
				AA0001072F7F000000000007 /* AgentDetailService.swift */,
				4EBD3CB12F71354F00F4A127 /* AgentService.swift */,
				4EBD3CB22F71354F00F4A127 /* APIClient.swift */,
				4EBD3CB32F71354F00F4A127 /* AuthManager.swift */,
				4EBD3CB42F71354F00F4A127 /* ChatService.swift */,
				A0B1C2D3E4F5067812A0B1C2 /* ClawHubService.swift */,
				E4F5A6B7C8D9004167E4F5A6 /* PluginsStore.swift */,
				D7A5F83B7D1B484D89BAE249 /* StoreKitManager.swift */,
				D2E3F4A5B6C7089034D2E3F4 /* HealthMonitor.swift */,
				EE0001032FA0000000000003 /* PipelineService.swift */,
			);
			path = Services;
			sourceTree = "<group>";
		};
		4EBD3CB92F71354F00F4A127 /* Utilities */ = {
			isa = PBXGroup;
			children = (
				4EBD3CB62F71354F00F4A127 /* BrandConfig.swift */,
				4EBD3CB72F71354F00F4A127 /* Constants.swift */,
				4EBD3CB82F71354F00F4A127 /* KeychainHelper.swift */,
				4EBD3CE22F71900000F4A127 /* LanguageManager.swift */,
			);
			path = Utilities;
			sourceTree = "<group>";
		};
		4EBD3CBC2F71354F00F4A127 /* Auth */ = {
			isa = PBXGroup;
			children = (
				4EBD3CBA2F71354F00F4A127 /* LoginView.swift */,
				4EBD3CBB2F71354F00F4A127 /* RegisterView.swift */,
			);
			path = Auth;
			sourceTree = "<group>";
		};
		4EBD3CBE2F71354F00F4A127 /* Chat */ = {
			isa = PBXGroup;
			children = (
				4EBD3CBD2F71354F00F4A127 /* ChatView.swift */,
			);
			path = Chat;
			sourceTree = "<group>";
		};
		4EBD3CBF2F71354F00F4A127 /* Components */ = {
			isa = PBXGroup;
			children = (
			);
			path = Components;
			sourceTree = "<group>";
		};
		4EBD3CC22F71354F00F4A127 /* Dashboard */ = {
			isa = PBXGroup;
			children = (
				4EBD3CC02F71354F00F4A127 /* CreateAgentView.swift */,
				4EBD3CC12F71354F00F4A127 /* DashboardView.swift */,
			);
			path = Dashboard;
			sourceTree = "<group>";
		};
		4EBD3CC42F71354F00F4A127 /* Settings */ = {
			isa = PBXGroup;
			children = (
				4EBD3CC32F71354F00F4A127 /* SettingsView.swift */,
				F4A5B6C7D8E9001256F4A5B6 /* InstalledPluginsView.swift */,
			);
			path = Settings;
			sourceTree = "<group>";
		};
		CC0002012F8F000000000002 /* Connectors */ = {
			isa = PBXGroup;
			children = (
				AA0008012F8F000000000001 /* ConnectorsView.swift */,
			);
			path = Connectors;
			sourceTree = "<group>";
		};
		DD0001032F8F000000000003 /* CronTasks */ = {
			isa = PBXGroup;
			children = (
				CC0001022F8F000000000001 /* CronTasksView.swift */,
			);
			path = CronTasks;
			sourceTree = "<group>";
		};
		4EBD3CC52F71354F00F4A127 /* Views */ = {
			isa = PBXGroup;
			children = (
				AA0001002F7F000000000000 /* Agent */,
				4EBD3CBC2F71354F00F4A127 /* Auth */,
				4EBD3CBE2F71354F00F4A127 /* Chat */,
				4EBD3CBF2F71354F00F4A127 /* Components */,
				CC0002012F8F000000000002 /* Connectors */,
				A2B14337D2B341FDB2B3622D /* Credits */,
				DD0001032F8F000000000003 /* CronTasks */,
				4EBD3CC22F71354F00F4A127 /* Dashboard */,
				FF0001012FA0000000000001 /* Harness */,
				F2A3B4C5D6E7F80923456789 /* Market */,
				4EBD3CC42F71354F00F4A127 /* Settings */,
				FF0001022FA0000000000002 /* Workspace */,
			);
			path = Views;
			sourceTree = "<group>";
		};
		A2B14337D2B341FDB2B3622D /* Credits */ = {
			isa = PBXGroup;
			children = (
				473B7B847EA942E3BFB54EB1 /* CreditsShopView.swift */,
			);
			path = Credits;
			sourceTree = "<group>";
		};
		AA0001002F7F000000000000 /* Agent */ = {
			isa = PBXGroup;
			children = (
				AA0001012F7F000000000001 /* AgentDetailView.swift */,
				AA0001022F7F000000000002 /* MemoryListView.swift */,
				AA0001032F7F000000000003 /* ToolsView.swift */,
				AA0001042F7F000000000004 /* TasksView.swift */,
				AA0001052F7F000000000005 /* ChannelsView.swift */,
			);
			path = Agent;
			sourceTree = "<group>";
		};
		F2A3B4C5D6E7F80923456789 /* Market */ = {
			isa = PBXGroup;
			children = (
				4EBD3CDF2F717B5500F4A127 /* MarketView.swift */,
			);
			path = Market;
			sourceTree = "<group>";
		};
		FF0001012FA0000000000001 /* Harness */ = {
			isa = PBXGroup;
			children = (
				EE0001092FA0000000000009 /* HarnessView.swift */,
				EE00010B2FA000000000000B /* PipelineDetailView.swift */,
			);
			path = Harness;
			sourceTree = "<group>";
		};
		FF0001022FA0000000000002 /* Workspace */ = {
			isa = PBXGroup;
			children = (
				EE00010D2FA000000000000D /* ScheduleView.swift */,
				EE00010F2FA000000000000F /* FilesView.swift */,
			);
			path = Workspace;
			sourceTree = "<group>";
		};
/* End PBXGroup section */

/* Begin PBXNativeTarget section */
		4E3C33562F5EE10E00EC6244 /* clawzy */ = {
			isa = PBXNativeTarget;
			buildConfigurationList = 4E3C33622F5EE11000EC6244 /* Build configuration list for PBXNativeTarget "clawzy" */;
			buildPhases = (
				4E3C33532F5EE10E00EC6244 /* Sources */,
				4E3C33542F5EE10E00EC6244 /* Frameworks */,
				4E3C33552F5EE10E00EC6244 /* Resources */,
			);
			buildRules = (
			);
			dependencies = (
			);
			fileSystemSynchronizedGroups = (
				4E3C33592F5EE10E00EC6244 /* clawzy */,
			);
			name = clawzy;
			packageProductDependencies = (
			);
			productName = clawzy;
			productReference = 4E3C33572F5EE10E00EC6244 /* clawzy.app */;
			productType = "com.apple.product-type.application";
		};
/* End PBXNativeTarget section */

/* Begin PBXProject section */
		4E3C334F2F5EE10E00EC6244 /* Project object */ = {
			isa = PBXProject;
			attributes = {
				BuildIndependentTargetsInParallel = 1;
				LastSwiftUpdateCheck = 2620;
				LastUpgradeCheck = 2620;
				TargetAttributes = {
					4E3C33562F5EE10E00EC6244 = {
						CreatedOnToolsVersion = 26.2;
					};
				};
			};
			buildConfigurationList = 4E3C33522F5EE10E00EC6244 /* Build configuration list for PBXProject "clawzy" */;
			developmentRegion = en;
			hasScannedForEncodings = 0;
			knownRegions = (
				en,
				Base,
			);
			mainGroup = 4E3C334E2F5EE10E00EC6244;
			minimizedProjectReferenceProxies = 1;
			preferredProjectObjectVersion = 77;
			productRefGroup = 4E3C33582F5EE10E00EC6244 /* Products */;
			projectDirPath = "";
			projectRoot = "";
			targets = (
				4E3C33562F5EE10E00EC6244 /* clawzy */,
			);
		};
/* End PBXProject section */

/* Begin PBXResourcesBuildPhase section */
		4E3C33552F5EE10E00EC6244 /* Resources */ = {
			isa = PBXResourcesBuildPhase;
			buildActionMask = 2147483647;
			files = (
			);
			runOnlyForDeploymentPostprocessing = 0;
		};
/* End PBXResourcesBuildPhase section */

/* Begin PBXSourcesBuildPhase section */
		4E3C33532F5EE10E00EC6244 /* Sources */ = {
			isa = PBXSourcesBuildPhase;
			buildActionMask = 2147483647;
			files = (
				BB0001012F7F000000000001 /* AgentDetailView.swift in Sources */,
				BB0001022F7F000000000002 /* MemoryListView.swift in Sources */,
				BB0001032F7F000000000003 /* ToolsView.swift in Sources */,
				BB0001042F7F000000000004 /* TasksView.swift in Sources */,
				BB0001052F7F000000000005 /* ChannelsView.swift in Sources */,
				BB0001062F7F000000000006 /* AgentDetail.swift in Sources */,
				BB0001072F7F000000000007 /* AgentDetailService.swift in Sources */,
				AA0002012F8F000000000001 /* Character.swift in Sources */,
				4EBD3CC62F71354F00F4A127 /* Constants.swift in Sources */,
				4EBD3CC72F71354F00F4A127 /* KeychainHelper.swift in Sources */,
				4EBD3CE32F71900000F4A127 /* LanguageManager.swift in Sources */,
				4EBD3CE12F717B5500F4A127 /* MarketView.swift in Sources */,
				4EBD3CC82F71354F00F4A127 /* DashboardView.swift in Sources */,
				4EBD3CC92F71354F00F4A127 /* ContentView.swift in Sources */,
				4EBD3CCA2F71354F00F4A127 /* RegisterView.swift in Sources */,
				4EBD3CCB2F71354F00F4A127 /* Credits.swift in Sources */,
				4EBD3CCD2F71354F00F4A127 /* LoginView.swift in Sources */,
				4EBD3CCE2F71354F00F4A127 /* Chat.swift in Sources */,
				4EBD3CCF2F71354F00F4A127 /* ChatView.swift in Sources */,
				4EBD3CD12F71354F00F4A127 /* ClawzyApp.swift in Sources */,
				4EBD3CD22F71354F00F4A127 /* Agent.swift in Sources */,
				4EBD3CD32F71354F00F4A127 /* User.swift in Sources */,
				4EBD3CD42F71354F00F4A127 /* ChatService.swift in Sources */,
				4EBD3CD52F71354F00F4A127 /* SettingsView.swift in Sources */,
				4EBD3CD62F71354F00F4A127 /* AuthManager.swift in Sources */,
				4EBD3CD72F71354F00F4A127 /* BrandConfig.swift in Sources */,
				4EBD3CD82F71354F00F4A127 /* CreateAgentView.swift in Sources */,
				4EBD3CD92F71354F00F4A127 /* APIClient.swift in Sources */,
				4EBD3CDA2F71354F00F4A127 /* AgentService.swift in Sources */,
				4EBD3CDB2F71354F00F4A127 /* MainTabView.swift in Sources */,
				4EBD3CDD2F7163EC00F4A127 /* SplashView.swift in Sources */,
				F9647251A9384F689642D72E /* StoreKitManager.swift in Sources */,
				7566003396D948279B9EB8FE /* CreditsShopView.swift in Sources */,
				B1C2D3E4F5A6071823B1C2D3 /* ClawHubService.swift in Sources */,
				F5A6B7C8D9E0005278F5A6B7 /* PluginsStore.swift in Sources */,
				C1D2E3F4A5B6078923C1D2E3 /* HealthMonitor.swift in Sources */,
				E3F4A5B6C7D8090145E3F4A5 /* InstalledPluginsView.swift in Sources */,
				CC0001012F8F000000000001 /* ConnectorsView.swift in Sources */,
				DD0001042F8F000000000004 /* CronTasksView.swift in Sources */,
				EE0001022FA0000000000002 /* Pipeline.swift in Sources */,
				EE0001042FA0000000000004 /* PipelineService.swift in Sources */,
				EE0001062FA0000000000006 /* Schedule.swift in Sources */,
				EE0001082FA0000000000008 /* AgentFile.swift in Sources */,
				EE00010A2FA000000000000A /* HarnessView.swift in Sources */,
				EE00010C2FA000000000000C /* PipelineDetailView.swift in Sources */,
				EE00010E2FA000000000000E /* ScheduleView.swift in Sources */,
				EE0001102FA0000000000010 /* FilesView.swift in Sources */,
			);
			runOnlyForDeploymentPostprocessing = 0;
		};
/* End PBXSourcesBuildPhase section */

/* Begin XCBuildConfiguration section */
		4E3C33602F5EE11000EC6244 /* Debug */ = {
			isa = XCBuildConfiguration;
			buildSettings = {
				ALWAYS_SEARCH_USER_PATHS = NO;
				ASSETCATALOG_COMPILER_GENERATE_SWIFT_ASSET_SYMBOL_EXTENSIONS = YES;
				CLANG_ANALYZER_NONNULL = YES;
				CLANG_ANALYZER_NUMBER_OBJECT_CONVERSION = YES_AGGRESSIVE;
				CLANG_CXX_LANGUAGE_STANDARD = "gnu++20";
				CLANG_ENABLE_MODULES = YES;
				CLANG_ENABLE_OBJC_ARC = YES;
				CLANG_ENABLE_OBJC_WEAK = YES;
				CLANG_WARN_BLOCK_CAPTURE_AUTORELEASING = YES;
				CLANG_WARN_BOOL_CONVERSION = YES;
				CLANG_WARN_COMMA = YES;
				CLANG_WARN_CONSTANT_CONVERSION = YES;
				CLANG_WARN_DEPRECATED_OBJC_IMPLEMENTATIONS = YES;
				CLANG_WARN_DIRECT_OBJC_ISA_USAGE = YES_ERROR;
				CLANG_WARN_DOCUMENTATION_COMMENTS = YES;
				CLANG_WARN_EMPTY_BODY = YES;
				CLANG_WARN_ENUM_CONVERSION = YES;
				CLANG_WARN_INFINITE_RECURSION = YES;
				CLANG_WARN_INT_CONVERSION = YES;
				CLANG_WARN_NON_LITERAL_NULL_CONVERSION = YES;
				CLANG_WARN_OBJC_IMPLICIT_RETAIN_SELF = YES;
				CLANG_WARN_OBJC_LITERAL_CONVERSION = YES;
				CLANG_WARN_OBJC_ROOT_CLASS = YES_ERROR;
				CLANG_WARN_QUOTED_INCLUDE_IN_FRAMEWORK_HEADER = YES;
				CLANG_WARN_RANGE_LOOP_ANALYSIS = YES;
				CLANG_WARN_STRICT_PROTOTYPES = YES;
				CLANG_WARN_SUSPICIOUS_MOVE = YES;
				CLANG_WARN_UNGUARDED_AVAILABILITY = YES_AGGRESSIVE;
				CLANG_WARN_UNREACHABLE_CODE = YES;
				CLANG_WARN__DUPLICATE_METHOD_MATCH = YES;
				COPY_PHASE_STRIP = NO;
				DEBUG_INFORMATION_FORMAT = dwarf;
				ENABLE_STRICT_OBJC_MSGSEND = YES;
				ENABLE_TESTABILITY = YES;
				ENABLE_USER_SCRIPT_SANDBOXING = YES;
				GCC_C_LANGUAGE_STANDARD = gnu17;
				GCC_DYNAMIC_NO_PIC = NO;
				GCC_NO_COMMON_BLOCKS = YES;
				GCC_OPTIMIZATION_LEVEL = 0;
				GCC_PREPROCESSOR_DEFINITIONS = (
					"DEBUG=1",
					"$(inherited)",
				);
				GCC_WARN_64_TO_32_BIT_CONVERSION = YES;
				GCC_WARN_ABOUT_RETURN_TYPE = YES_ERROR;
				GCC_WARN_UNDECLARED_SELECTOR = YES;
				GCC_WARN_UNINITIALIZED_AUTOS = YES_AGGRESSIVE;
				GCC_WARN_UNUSED_FUNCTION = YES;
				GCC_WARN_UNUSED_VARIABLE = YES;
				LOCALIZATION_PREFERS_STRING_CATALOGS = YES;
				MTL_ENABLE_DEBUG_INFO = INCLUDE_SOURCE;
				MTL_FAST_MATH = YES;
				ONLY_ACTIVE_ARCH = YES;
				SWIFT_ACTIVE_COMPILATION_CONDITIONS = "DEBUG $(inherited)";
				SWIFT_OPTIMIZATION_LEVEL = "-Onone";
				SWIFT_VERSION = 5.0;
			};
			name = Debug;
		};
		4E3C33612F5EE11000EC6244 /* Release */ = {
			isa = XCBuildConfiguration;
			buildSettings = {
				ALWAYS_SEARCH_USER_PATHS = NO;
				ASSETCATALOG_COMPILER_GENERATE_SWIFT_ASSET_SYMBOL_EXTENSIONS = YES;
				CLANG_ANALYZER_NONNULL = YES;
				CLANG_ANALYZER_NUMBER_OBJECT_CONVERSION = YES_AGGRESSIVE;
				CLANG_CXX_LANGUAGE_STANDARD = "gnu++20";
				CLANG_ENABLE_MODULES = YES;
				CLANG_ENABLE_OBJC_ARC = YES;
				CLANG_ENABLE_OBJC_WEAK = YES;
				CLANG_WARN_BLOCK_CAPTURE_AUTORELEASING = YES;
				CLANG_WARN_BOOL_CONVERSION = YES;
				CLANG_WARN_COMMA = YES;
				CLANG_WARN_CONSTANT_CONVERSION = YES;
				CLANG_WARN_DEPRECATED_OBJC_IMPLEMENTATIONS = YES;
				CLANG_WARN_DIRECT_OBJC_ISA_USAGE = YES_ERROR;
				CLANG_WARN_DOCUMENTATION_COMMENTS = YES;
				CLANG_WARN_EMPTY_BODY = YES;
				CLANG_WARN_ENUM_CONVERSION = YES;
				CLANG_WARN_INFINITE_RECURSION = YES;
				CLANG_WARN_INT_CONVERSION = YES;
				CLANG_WARN_NON_LITERAL_NULL_CONVERSION = YES;
				CLANG_WARN_OBJC_IMPLICIT_RETAIN_SELF = YES;
				CLANG_WARN_OBJC_LITERAL_CONVERSION = YES;
				CLANG_WARN_OBJC_ROOT_CLASS = YES_ERROR;
				CLANG_WARN_QUOTED_INCLUDE_IN_FRAMEWORK_HEADER = YES;
				CLANG_WARN_RANGE_LOOP_ANALYSIS = YES;
				CLANG_WARN_STRICT_PROTOTYPES = YES;
				CLANG_WARN_SUSPICIOUS_MOVE = YES;
				CLANG_WARN_UNGUARDED_AVAILABILITY = YES_AGGRESSIVE;
				CLANG_WARN_UNREACHABLE_CODE = YES;
				CLANG_WARN__DUPLICATE_METHOD_MATCH = YES;
				COPY_PHASE_STRIP = NO;
				DEBUG_INFORMATION_FORMAT = "dwarf-with-dsym";
				ENABLE_NS_ASSERTIONS = NO;
				ENABLE_STRICT_OBJC_MSGSEND = YES;
				ENABLE_USER_SCRIPT_SANDBOXING = YES;
				GCC_C_LANGUAGE_STANDARD = gnu17;
				GCC_NO_COMMON_BLOCKS = YES;
				GCC_WARN_64_TO_32_BIT_CONVERSION = YES;
				GCC_WARN_ABOUT_RETURN_TYPE = YES_ERROR;
				GCC_WARN_UNDECLARED_SELECTOR = YES;
				GCC_WARN_UNINITIALIZED_AUTOS = YES_AGGRESSIVE;
				GCC_WARN_UNUSED_FUNCTION = YES;
				GCC_WARN_UNUSED_VARIABLE = YES;
				LOCALIZATION_PREFERS_STRING_CATALOGS = YES;
				MTL_ENABLE_DEBUG_INFO = NO;
				MTL_FAST_MATH = YES;
				SWIFT_COMPILATION_MODE = wholemodule;
				SWIFT_VERSION = 5.0;
			};
			name = Release;
		};
		4E3C33632F5EE11000EC6244 /* Debug */ = {
			isa = XCBuildConfiguration;
			buildSettings = {
				ASSETCATALOG_COMPILER_APPICON_NAME = AppIcon;
				ASSETCATALOG_COMPILER_GLOBAL_ACCENT_COLOR_NAME = AccentColor;
				CODE_SIGN_ENTITLEMENTS = App/clawzy.entitlements;
				CODE_SIGN_STYLE = Automatic;
				CURRENT_PROJECT_VERSION = 2;
				DEVELOPMENT_TEAM = 2963GBPUW3;
				ENABLE_APP_SANDBOX = YES;
				ENABLE_PREVIEWS = YES;
				ENABLE_USER_SELECTED_FILES = readonly;
				GENERATE_INFOPLIST_FILE = YES;
				INFOPLIST_KEY_ITSAppUsesNonExemptEncryption = NO;
				INFOPLIST_KEY_NSPhotoLibraryUsageDescription = "チャットで画像を送信するために写真へのアクセスが必要です。";
				"INFOPLIST_KEY_UIApplicationSceneManifest_Generation[sdk=iphoneos*]" = YES;
				"INFOPLIST_KEY_UIApplicationSceneManifest_Generation[sdk=iphonesimulator*]" = YES;
				"INFOPLIST_KEY_UIApplicationSupportsIndirectInputEvents[sdk=iphoneos*]" = YES;
				"INFOPLIST_KEY_UIApplicationSupportsIndirectInputEvents[sdk=iphonesimulator*]" = YES;
				"INFOPLIST_KEY_UILaunchScreen_Generation[sdk=iphoneos*]" = YES;
				"INFOPLIST_KEY_UILaunchScreen_Generation[sdk=iphonesimulator*]" = YES;
				"INFOPLIST_KEY_UIStatusBarStyle[sdk=iphoneos*]" = UIStatusBarStyleDefault;
				"INFOPLIST_KEY_UIStatusBarStyle[sdk=iphonesimulator*]" = UIStatusBarStyleDefault;
				INFOPLIST_KEY_UISupportedInterfaceOrientations_iPad = "UIInterfaceOrientationPortrait UIInterfaceOrientationPortraitUpsideDown UIInterfaceOrientationLandscapeLeft UIInterfaceOrientationLandscapeRight";
				INFOPLIST_KEY_UISupportedInterfaceOrientations_iPhone = "UIInterfaceOrientationPortrait UIInterfaceOrientationLandscapeLeft UIInterfaceOrientationLandscapeRight";
				IPHONEOS_DEPLOYMENT_TARGET = 26.2;
				LD_RUNPATH_SEARCH_PATHS = "@executable_path/Frameworks";
				"LD_RUNPATH_SEARCH_PATHS[sdk=macosx*]" = "@executable_path/../Frameworks";
				MACOSX_DEPLOYMENT_TARGET = 26.2;
				MARKETING_VERSION = 1.0;
				PRODUCT_BUNDLE_IDENTIFIER = ai.clawzy.app;
				PRODUCT_NAME = NipponClaw;
				REGISTER_APP_GROUPS = YES;
				SDKROOT = auto;
				STRING_CATALOG_GENERATE_SYMBOLS = YES;
				SUPPORTED_PLATFORMS = "iphoneos iphonesimulator macosx xros xrsimulator";
				SWIFT_APPROACHABLE_CONCURRENCY = YES;
				SWIFT_DEFAULT_ACTOR_ISOLATION = MainActor;
				SWIFT_EMIT_LOC_STRINGS = YES;
				SWIFT_UPCOMING_FEATURE_MEMBER_IMPORT_VISIBILITY = YES;
				SWIFT_VERSION = 5.0;
				TARGETED_DEVICE_FAMILY = "1,2,7";
				XROS_DEPLOYMENT_TARGET = 26.2;
			};
			name = Debug;
		};
		4E3C33642F5EE11000EC6244 /* Release */ = {
			isa = XCBuildConfiguration;
			buildSettings = {
				ASSETCATALOG_COMPILER_APPICON_NAME = AppIcon;
				ASSETCATALOG_COMPILER_GLOBAL_ACCENT_COLOR_NAME = AccentColor;
				CODE_SIGN_ENTITLEMENTS = App/clawzy.entitlements;
				CODE_SIGN_STYLE = Automatic;
				CURRENT_PROJECT_VERSION = 2;
				DEVELOPMENT_TEAM = 2963GBPUW3;
				ENABLE_APP_SANDBOX = YES;
				ENABLE_PREVIEWS = YES;
				ENABLE_USER_SELECTED_FILES = readonly;
				GENERATE_INFOPLIST_FILE = YES;
				INFOPLIST_KEY_ITSAppUsesNonExemptEncryption = NO;
				INFOPLIST_KEY_NSPhotoLibraryUsageDescription = "チャットで画像を送信するために写真へのアクセスが必要です。";
				"INFOPLIST_KEY_UIApplicationSceneManifest_Generation[sdk=iphoneos*]" = YES;
				"INFOPLIST_KEY_UIApplicationSceneManifest_Generation[sdk=iphonesimulator*]" = YES;
				"INFOPLIST_KEY_UIApplicationSupportsIndirectInputEvents[sdk=iphoneos*]" = YES;
				"INFOPLIST_KEY_UIApplicationSupportsIndirectInputEvents[sdk=iphonesimulator*]" = YES;
				"INFOPLIST_KEY_UILaunchScreen_Generation[sdk=iphoneos*]" = YES;
				"INFOPLIST_KEY_UILaunchScreen_Generation[sdk=iphonesimulator*]" = YES;
				"INFOPLIST_KEY_UIStatusBarStyle[sdk=iphoneos*]" = UIStatusBarStyleDefault;
				"INFOPLIST_KEY_UIStatusBarStyle[sdk=iphonesimulator*]" = UIStatusBarStyleDefault;
				INFOPLIST_KEY_UISupportedInterfaceOrientations_iPad = "UIInterfaceOrientationPortrait UIInterfaceOrientationPortraitUpsideDown UIInterfaceOrientationLandscapeLeft UIInterfaceOrientationLandscapeRight";
				INFOPLIST_KEY_UISupportedInterfaceOrientations_iPhone = "UIInterfaceOrientationPortrait UIInterfaceOrientationLandscapeLeft UIInterfaceOrientationLandscapeRight";
				IPHONEOS_DEPLOYMENT_TARGET = 26.2;
				LD_RUNPATH_SEARCH_PATHS = "@executable_path/Frameworks";
				"LD_RUNPATH_SEARCH_PATHS[sdk=macosx*]" = "@executable_path/../Frameworks";
				MACOSX_DEPLOYMENT_TARGET = 26.2;
				MARKETING_VERSION = 1.0;
				PRODUCT_BUNDLE_IDENTIFIER = ai.clawzy.app;
				PRODUCT_NAME = NipponClaw;
				REGISTER_APP_GROUPS = YES;
				SDKROOT = auto;
				STRING_CATALOG_GENERATE_SYMBOLS = YES;
				SUPPORTED_PLATFORMS = "iphoneos iphonesimulator macosx xros xrsimulator";
				SWIFT_APPROACHABLE_CONCURRENCY = YES;
				SWIFT_DEFAULT_ACTOR_ISOLATION = MainActor;
				SWIFT_EMIT_LOC_STRINGS = YES;
				SWIFT_UPCOMING_FEATURE_MEMBER_IMPORT_VISIBILITY = YES;
				SWIFT_VERSION = 5.0;
				TARGETED_DEVICE_FAMILY = "1,2,7";
				XROS_DEPLOYMENT_TARGET = 26.2;
			};
			name = Release;
		};
/* End XCBuildConfiguration section */

/* Begin XCConfigurationList section */
		4E3C33522F5EE10E00EC6244 /* Build configuration list for PBXProject "clawzy" */ = {
			isa = XCConfigurationList;
			buildConfigurations = (
				4E3C33602F5EE11000EC6244 /* Debug */,
				4E3C33612F5EE11000EC6244 /* Release */,
			);
			defaultConfigurationIsVisible = 0;
			defaultConfigurationName = Release;
		};
		4E3C33622F5EE11000EC6244 /* Build configuration list for PBXNativeTarget "clawzy" */ = {
			isa = XCConfigurationList;
			buildConfigurations = (
				4E3C33632F5EE11000EC6244 /* Debug */,
				4E3C33642F5EE11000EC6244 /* Release */,
			);
			defaultConfigurationIsVisible = 0;
			defaultConfigurationName = Release;
		};
/* End XCConfigurationList section */
	};
	rootObject = 4E3C334F2F5EE10E00EC6244 /* Project object */;
}
